
Microsoft Visual Studio Solution File, Format Version 12.00
# Visual Studio 15
VisualStudioVersion = 15.0.27703.2042
MinimumVisualStudioVersion = 10.0.40219.1
Project("{FAE04EC0-301F-11D3-BF4B-00C04F79EFBC}") = "AppCenterNeo.Android", "AppCenterNeo\AppCenterNeo.Android\AppCenterNeo.Android.csproj", "{A037BD28-81A4-422A-8238-25FBF3B0EAF0}"
EndProject
Project("{FAE04EC0-301F-11D3-BF4B-00C04F79EFBC}") = "AppCenterNeo.iOS", "AppCenterNeo\AppCenterNeo.iOS\AppCenterNeo.iOS.csproj", "{97C8F12F-4163-4214-B6AE-63E5ADAFD619}"
EndProject
Project("{FAE04EC0-301F-11D3-BF4B-00C04F79EFBC}") = "AppCenterNeo.UWP", "AppCenterNeo\AppCenterNeo.UWP\AppCenterNeo.UWP.csproj", "{633E2995-A6CF-420A-86C4-A05564B2724B}"
EndProject
Project("{FAE04EC0-301F-11D3-BF4B-00C04F79EFBC}") = "AppCenterNeo", "AppCenterNeo\AppCenterNeo\AppCenterNeo.csproj", "{3B52DEB0-C631-4D7F-AACD-8A8388EF20C8}"
EndProject
Global
	GlobalSection(SolutionConfigurationPlatforms) = preSolution
		Ad-Hoc|Any CPU = Ad-Hoc|Any CPU
		Ad-Hoc|ARM = Ad-Hoc|ARM
		Ad-Hoc|iPhone = Ad-Hoc|iPhone
		Ad-Hoc|iPhoneSimulator = Ad-Hoc|iPhoneSimulator
		Ad-Hoc|x64 = Ad-Hoc|x64
		Ad-Hoc|x86 = Ad-Hoc|x86
		AppStore|Any CPU = AppStore|Any CPU
		AppStore|ARM = AppStore|ARM
		AppStore|iPhone = AppStore|iPhone
		AppStore|iPhoneSimulator = AppStore|iPhoneSimulator
		AppStore|x64 = AppStore|x64
		AppStore|x86 = AppStore|x86
		Debug|Any CPU = Debug|Any CPU
		Debug|ARM = Debug|ARM
		Debug|iPhone = Debug|iPhone
		Debug|iPhoneSimulator = Debug|iPhoneSimulator
		Debug|x64 = Debug|x64
		Debug|x86 = Debug|x86
		Release|Any CPU = Release|Any CPU
		Release|ARM = Release|ARM
		Release|iPhone = Release|iPhone
		Release|iPhoneSimulator = Release|iPhoneSimulator
		Release|x64 = Release|x64
		Release|x86 = Release|x86
	EndGlobalSection
	GlobalSection(ProjectConfigurationPlatforms) = postSolution
		{A037BD28-81A4-422A-8238-25FBF3B0EAF0}.Ad-Hoc|Any CPU.ActiveCfg = Release|Any CPU
		{A037BD28-81A4-422A-8238-25FBF3B0EAF0}.Ad-Hoc|Any CPU.Build.0 = Release|Any CPU
		{A037BD28-81A4-422A-8238-25FBF3B0EAF0}.Ad-Hoc|Any CPU.Deploy.0 = Release|Any CPU
		{A037BD28-81A4-422A-8238-25FBF3B0EAF0}.Ad-Hoc|ARM.ActiveCfg = Release|Any CPU
		{A037BD28-81A4-422A-8238-25FBF3B0EAF0}.Ad-Hoc|ARM.Build.0 = Release|Any CPU
		{A037BD28-81A4-422A-8238-25FBF3B0EAF0}.Ad-Hoc|ARM.Deploy.0 = Release|Any CPU
		{A037BD28-81A4-422A-8238-25FBF3B0EAF0}.Ad-Hoc|iPhone.ActiveCfg = Release|Any CPU
		{A037BD28-81A4-422A-8238-25FBF3B0EAF0}.Ad-Hoc|iPhone.Build.0 = Release|Any CPU
		{A037BD28-81A4-422A-8238-25FBF3B0EAF0}.Ad-Hoc|iPhone.Deploy.0 = Release|Any CPU
		{A037BD28-81A4-422A-8238-25FBF3B0EAF0}.Ad-Hoc|iPhoneSimulator.ActiveCfg = Release|Any CPU
		{A037BD28-81A4-422A-8238-25FBF3B0EAF0}.Ad-Hoc|iPhoneSimulator.Build.0 = Release|Any CPU
		{A037BD28-81A4-422A-8238-25FBF3B0EAF0}.Ad-Hoc|iPhoneSimulator.Deploy.0 = Release|Any CPU
		{A037BD28-81A4-422A-8238-25FBF3B0EAF0}.Ad-Hoc|x64.ActiveCfg = Release|Any CPU
		{A037BD28-81A4-422A-8238-25FBF3B0EAF0}.Ad-Hoc|x64.Build.0 = Release|Any CPU
		{A037BD28-81A4-422A-8238-25FBF3B0EAF0}.Ad-Hoc|x64.Deploy.0 = Release|Any CPU
		{A037BD28-81A4-422A-8238-25FBF3B0EAF0}.Ad-Hoc|x86.ActiveCfg = Release|Any CPU
		{A037BD28-81A4-422A-8238-25FBF3B0EAF0}.Ad-Hoc|x86.Build.0 = Release|Any CPU
		{A037BD28-81A4-422A-8238-25FBF3B0EAF0}.Ad-Hoc|x86.Deploy.0 = Release|Any CPU
		{A037BD28-81A4-422A-8238-25FBF3B0EAF0}.AppStore|Any CPU.ActiveCfg = Release|Any CPU
		{A037BD28-81A4-422A-8238-25FBF3B0EAF0}.AppStore|Any CPU.Build.0 = Release|Any CPU
		{A037BD28-81A4-422A-8238-25FBF3B0EAF0}.AppStore|Any CPU.Deploy.0 = Release|Any CPU
		{A037BD28-81A4-422A-8238-25FBF3B0EAF0}.AppStore|ARM.ActiveCfg = Release|Any CPU
		{A037BD28-81A4-422A-8238-25FBF3B0EAF0}.AppStore|ARM.Build.0 = Release|Any CPU
		{A037BD28-81A4-422A-8238-25FBF3B0EAF0}.AppStore|ARM.Deploy.0 = Release|Any CPU
		{A037BD28-81A4-422A-8238-25FBF3B0EAF0}.AppStore|iPhone.ActiveCfg = Release|Any CPU
		{A037BD28-81A4-422A-8238-25FBF3B0EAF0}.AppStore|iPhone.Build.0 = Release|Any CPU
		{A037BD28-81A4-422A-8238-25FBF3B0EAF0}.AppStore|iPhone.Deploy.0 = Release|Any CPU
		{A037BD28-81A4-422A-8238-25FBF3B0EAF0}.AppStore|iPhoneSimulator.ActiveCfg = Release|Any CPU
		{A037BD28-81A4-422A-8238-25FBF3B0EAF0}.AppStore|iPhoneSimulator.Build.0 = Release|Any CPU
		{A037BD28-81A4-422A-8238-25FBF3B0EAF0}.AppStore|iPhoneSimulator.Deploy.0 = Release|Any CPU
		{A037BD28-81A4-422A-8238-25FBF3B0EAF0}.AppStore|x64.ActiveCfg = Release|Any CPU
		{A037BD28-81A4-422A-8238-25FBF3B0EAF0}.AppStore|x64.Build.0 = Release|Any CPU
		{A037BD28-81A4-422A-8238-25FBF3B0EAF0}.AppStore|x64.Deploy.0 = Release|Any CPU
		{A037BD28-81A4-422A-8238-25FBF3B0EAF0}.AppStore|x86.ActiveCfg = Release|Any CPU
		{A037BD28-81A4-422A-8238-25FBF3B0EAF0}.AppStore|x86.Build.0 = Release|Any CPU
		{A037BD28-81A4-422A-8238-25FBF3B0EAF0}.AppStore|x86.Deploy.0 = Release|Any CPU
		{A037BD28-81A4-422A-8238-25FBF3B0EAF0}.Debug|Any CPU.ActiveCfg = Debug|Any CPU
		{A037BD28-81A4-422A-8238-25FBF3B0EAF0}.Debug|Any CPU.Build.0 = Debug|Any CPU
		{A037BD28-81A4-422A-8238-25FBF3B0EAF0}.Debug|Any CPU.Deploy.0 = Debug|Any CPU
		{A037BD28-81A4-422A-8238-25FBF3B0EAF0}.Debug|ARM.ActiveCfg = Debug|Any CPU
		{A037BD28-81A4-422A-8238-25FBF3B0EAF0}.Debug|ARM.Build.0 = Debug|Any CPU
		{A037BD28-81A4-422A-8238-25FBF3B0EAF0}.Debug|ARM.Deploy.0 = Debug|Any CPU
		{A037BD28-81A4-422A-8238-25FBF3B0EAF0}.Debug|iPhone.ActiveCfg = Debug|Any CPU
		{A037BD28-81A4-422A-8238-25FBF3B0EAF0}.Debug|iPhone.Build.0 = Debug|Any CPU
		{A037BD28-81A4-422A-8238-25FBF3B0EAF0}.Debug|iPhone.Deploy.0 = Debug|Any CPU
		{A037BD28-81A4-422A-8238-25FBF3B0EAF0}.Debug|iPhoneSimulator.ActiveCfg = Debug|Any CPU
		{A037BD28-81A4-422A-8238-25FBF3B0EAF0}.Debug|iPhoneSimulator.Build.0 = Debug|Any CPU
		{A037BD28-81A4-422A-8238-25FBF3B0EAF0}.Debug|iPhoneSimulator.Deploy.0 = Debug|Any CPU
		{A037BD28-81A4-422A-8238-25FBF3B0EAF0}.Debug|x64.ActiveCfg = Debug|Any CPU
		{A037BD28-81A4-422A-8238-25FBF3B0EAF0}.Debug|x64.Build.0 = Debug|Any CPU
		{A037BD28-81A4-422A-8238-25FBF3B0EAF0}.Debug|x64.Deploy.0 = Debug|Any CPU
		{A037BD28-81A4-422A-8238-25FBF3B0EAF0}.Debug|x86.ActiveCfg = Debug|Any CPU
		{A037BD28-81A4-422A-8238-25FBF3B0EAF0}.Debug|x86.Build.0 = Debug|Any CPU
		{A037BD28-81A4-422A-8238-25FBF3B0EAF0}.Debug|x86.Deploy.0 = Debug|Any CPU
		{A037BD28-81A4-422A-8238-25FBF3B0EAF0}.Release|Any CPU.ActiveCfg = Release|Any CPU
		{A037BD28-81A4-422A-8238-25FBF3B0EAF0}.Release|Any CPU.Build.0 = Release|Any CPU
		{A037BD28-81A4-422A-8238-25FBF3B0EAF0}.Release|Any CPU.Deploy.0 = Release|Any CPU
		{A037BD28-81A4-422A-8238-25FBF3B0EAF0}.Release|ARM.ActiveCfg = Release|Any CPU
		{A037BD28-81A4-422A-8238-25FBF3B0EAF0}.Release|ARM.Build.0 = Release|Any CPU
		{A037BD28-81A4-422A-8238-25FBF3B0EAF0}.Release|ARM.Deploy.0 = Release|Any CPU
		{A037BD28-81A4-422A-8238-25FBF3B0EAF0}.Release|iPhone.ActiveCfg = Release|Any CPU
		{A037BD28-81A4-422A-8238-25FBF3B0EAF0}.Release|iPhone.Build.0 = Release|Any CPU
		{A037BD28-81A4-422A-8238-25FBF3B0EAF0}.Release|iPhone.Deploy.0 = Release|Any CPU
		{A037BD28-81A4-422A-8238-25FBF3B0EAF0}.Release|iPhoneSimulator.ActiveCfg = Release|Any CPU
		{A037BD28-81A4-422A-8238-25FBF3B0EAF0}.Release|iPhoneSimulator.Build.0 = Release|Any CPU
		{A037BD28-81A4-422A-8238-25FBF3B0EAF0}.Release|iPhoneSimulator.Deploy.0 = Release|Any CPU
		{A037BD28-81A4-422A-8238-25FBF3B0EAF0}.Release|x64.ActiveCfg = Release|Any CPU
		{A037BD28-81A4-422A-8238-25FBF3B0EAF0}.Release|x64.Build.0 = Release|Any CPU
		{A037BD28-81A4-422A-8238-25FBF3B0EAF0}.Release|x64.Deploy.0 = Release|Any CPU
		{A037BD28-81A4-422A-8238-25FBF3B0EAF0}.Release|x86.ActiveCfg = Release|Any CPU
		{A037BD28-81A4-422A-8238-25FBF3B0EAF0}.Release|x86.Build.0 = Release|Any CPU
		{A037BD28-81A4-422A-8238-25FBF3B0EAF0}.Release|x86.Deploy.0 = Release|Any CPU
		{97C8F12F-4163-4214-B6AE-63E5ADAFD619}.Ad-Hoc|Any CPU.ActiveCfg = Ad-Hoc|iPhone
		{97C8F12F-4163-4214-B6AE-63E5ADAFD619}.Ad-Hoc|Any CPU.Build.0 = Ad-Hoc|iPhone
		{97C8F12F-4163-4214-B6AE-63E5ADAFD619}.Ad-Hoc|Any CPU.Deploy.0 = Ad-Hoc|iPhone
		{97C8F12F-4163-4214-B6AE-63E5ADAFD619}.Ad-Hoc|ARM.ActiveCfg = Ad-Hoc|iPhone
		{97C8F12F-4163-4214-B6AE-63E5ADAFD619}.Ad-Hoc|ARM.Build.0 = Ad-Hoc|iPhone
		{97C8F12F-4163-4214-B6AE-63E5ADAFD619}.Ad-Hoc|ARM.Deploy.0 = Ad-Hoc|iPhone
		{97C8F12F-4163-4214-B6AE-63E5ADAFD619}.Ad-Hoc|iPhone.ActiveCfg = Ad-Hoc|iPhone
		{97C8F12F-4163-4214-B6AE-63E5ADAFD619}.Ad-Hoc|iPhone.Build.0 = Ad-Hoc|iPhone
		{97C8F12F-4163-4214-B6AE-63E5ADAFD619}.Ad-Hoc|iPhone.Deploy.0 = Ad-Hoc|iPhone
		{97C8F12F-4163-4214-B6AE-63E5ADAFD619}.Ad-Hoc|iPhoneSimulator.ActiveCfg = Ad-Hoc|iPhoneSimulator
		{97C8F12F-4163-4214-B6AE-63E5ADAFD619}.Ad-Hoc|iPhoneSimulator.Build.0 = Ad-Hoc|iPhoneSimulator
		{97C8F12F-4163-4214-B6AE-63E5ADAFD619}.Ad-Hoc|iPhoneSimulator.Deploy.0 = Ad-Hoc|iPhoneSimulator
		{97C8F12F-4163-4214-B6AE-63E5ADAFD619}.Ad-Hoc|x64.ActiveCfg = Ad-Hoc|iPhone
		{97C8F12F-4163-4214-B6AE-63E5ADAFD619}.Ad-Hoc|x64.Build.0 = Ad-Hoc|iPhone
		{97C8F12F-4163-4214-B6AE-63E5ADAFD619}.Ad-Hoc|x64.Deploy.0 = Ad-Hoc|iPhone
		{97C8F12F-4163-4214-B6AE-63E5ADAFD619}.Ad-Hoc|x86.ActiveCfg = Ad-Hoc|iPhone
		{97C8F12F-4163-4214-B6AE-63E5ADAFD619}.Ad-Hoc|x86.Build.0 = Ad-Hoc|iPhone
		{97C8F12F-4163-4214-B6AE-63E5ADAFD619}.Ad-Hoc|x86.Deploy.0 = Ad-Hoc|iPhone
		{97C8F12F-4163-4214-B6AE-63E5ADAFD619}.AppStore|Any CPU.ActiveCfg = AppStore|iPhone
		{97C8F12F-4163-4214-B6AE-63E5ADAFD619}.AppStore|Any CPU.Build.0 = AppStore|iPhone
		{97C8F12F-4163-4214-B6AE-63E5ADAFD619}.AppStore|Any CPU.Deploy.0 = AppStore|iPhone
		{97C8F12F-4163-4214-B6AE-63E5ADAFD619}.AppStore|ARM.ActiveCfg = AppStore|iPhone
		{97C8F12F-4163-4214-B6AE-63E5ADAFD619}.AppStore|ARM.Build.0 = AppStore|iPhone
		{97C8F12F-4163-4214-B6AE-63E5ADAFD619}.AppStore|ARM.Deploy.0 = AppStore|iPhone
		{97C8F12F-4163-4214-B6AE-63E5ADAFD619}.AppStore|iPhone.ActiveCfg = AppStore|iPhone
		{97C8F12F-4163-4214-B6AE-63E5ADAFD619}.AppStore|iPhone.Build.0 = AppStore|iPhone
		{97C8F12F-4163-4214-B6AE-63E5ADAFD619}.AppStore|iPhone.Deploy.0 = AppStore|iPhone
		{97C8F12F-4163-4214-B6AE-63E5ADAFD619}.AppStore|iPhoneSimulator.ActiveCfg = AppStore|iPhoneSimulator
		{97C8F12F-4163-4214-B6AE-63E5ADAFD619}.AppStore|iPhoneSimulator.Build.0 = AppStore|iPhoneSimulator
		{97C8F12F-4163-4214-B6AE-63E5ADAFD619}.AppStore|iPhoneSimulator.Deploy.0 = AppStore|iPhoneSimulator
		{97C8F12F-4163-4214-B6AE-63E5ADAFD619}.AppStore|x64.ActiveCfg = AppStore|iPhone
		{97C8F12F-4163-4214-B6AE-63E5ADAFD619}.AppStore|x64.Build.0 = AppStore|iPhone
		{97C8F12F-4163-4214-B6AE-63E5ADAFD619}.AppStore|x64.Deploy.0 = AppStore|iPhone
		{97C8F12F-4163-4214-B6AE-63E5ADAFD619}.AppStore|x86.ActiveCfg = AppStore|iPhone
		{97C8F12F-4163-4214-B6AE-63E5ADAFD619}.AppStore|x86.Build.0 = AppStore|iPhone
		{97C8F12F-4163-4214-B6AE-63E5ADAFD619}.AppStore|x86.Deploy.0 = AppStore|iPhone
		{97C8F12F-4163-4214-B6AE-63E5ADAFD619}.Debug|Any CPU.ActiveCfg = Debug|iPhoneSimulator
		{97C8F12F-4163-4214-B6AE-63E5ADAFD619}.Debug|Any CPU.Build.0 = Debug|iPhoneSimulator
		{97C8F12F-4163-4214-B6AE-63E5ADAFD619}.Debug|Any CPU.Deploy.0 = Debug|iPhoneSimulator
		{97C8F12F-4163-4214-B6AE-63E5ADAFD619}.Debug|ARM.ActiveCfg = Debug|iPhone
		{97C8F12F-4163-4214-B6AE-63E5ADAFD619}.Debug|ARM.Build.0 = Debug|iPhone
		{97C8F12F-4163-4214-B6AE-63E5ADAFD619}.Debug|ARM.Deploy.0 = Debug|iPhone
		{97C8F12F-4163-4214-B6AE-63E5ADAFD619}.Debug|iPhone.ActiveCfg = Debug|iPhone
		{97C8F12F-4163-4214-B6AE-63E5ADAFD619}.Debug|iPhone.Build.0 = Debug|iPhone
		{97C8F12F-4163-4214-B6AE-63E5ADAFD619}.Debug|iPhone.Deploy.0 = Debug|iPhone
		{97C8F12F-4163-4214-B6AE-63E5ADAFD619}.Debug|iPhoneSimulator.ActiveCfg = Debug|iPhoneSimulator
		{97C8F12F-4163-4214-B6AE-63E5ADAFD619}.Debug|iPhoneSimulator.Build.0 = Debug|iPhoneSimulator
		{97C8F12F-4163-4214-B6AE-63E5ADAFD619}.Debug|iPhoneSimulator.Deploy.0 = Debug|iPhoneSimulator
		{97C8F12F-4163-4214-B6AE-63E5ADAFD619}.Debug|x64.ActiveCfg = Debug|iPhone
		{97C8F12F-4163-4214-B6AE-63E5ADAFD619}.Debug|x64.Build.0 = Debug|iPhone
		{97C8F12F-4163-4214-B6AE-63E5ADAFD619}.Debug|x64.Deploy.0 = Debug|iPhone
		{97C8F12F-4163-4214-B6AE-63E5ADAFD619}.Debug|x86.ActiveCfg = Debug|iPhone
		{97C8F12F-4163-4214-B6AE-63E5ADAFD619}.Debug|x86.Build.0 = Debug|iPhone
		{97C8F12F-4163-4214-B6AE-63E5ADAFD619}.Debug|x86.Deploy.0 = Debug|iPhone
		{97C8F12F-4163-4214-B6AE-63E5ADAFD619}.Release|Any CPU.ActiveCfg = Release|iPhone
		{97C8F12F-4163-4214-B6AE-63E5ADAFD619}.Release|Any CPU.Build.0 = Release|iPhone
		{97C8F12F-4163-4214-B6AE-63E5ADAFD619}.Release|Any CPU.Deploy.0 = Release|iPhone
		{97C8F12F-4163-4214-B6AE-63E5ADAFD619}.Release|ARM.ActiveCfg = Release|iPhone
		{97C8F12F-4163-4214-B6AE-63E5ADAFD619}.Release|ARM.Build.0 = Release|iPhone
		{97C8F12F-4163-4214-B6AE-63E5ADAFD619}.Release|ARM.Deploy.0 = Release|iPhone
		{97C8F12F-4163-4214-B6AE-63E5ADAFD619}.Release|iPhone.ActiveCfg = Release|iPhone
		{97C8F12F-4163-4214-B6AE-63E5ADAFD619}.Release|iPhone.Build.0 = Release|iPhone
		{97C8F12F-4163-4214-B6AE-63E5ADAFD619}.Release|iPhone.Deploy.0 = Release|iPhone
		{97C8F12F-4163-4214-B6AE-63E5ADAFD619}.Release|iPhoneSimulator.ActiveCfg = Release|iPhoneSimulator
		{97C8F12F-4163-4214-B6AE-63E5ADAFD619}.Release|iPhoneSimulator.Build.0 = Release|iPhoneSimulator
		{97C8F12F-4163-4214-B6AE-63E5ADAFD619}.Release|iPhoneSimulator.Deploy.0 = Release|iPhoneSimulator
		{97C8F12F-4163-4214-B6AE-63E5ADAFD619}.Release|x64.ActiveCfg = Release|iPhone
		{97C8F12F-4163-4214-B6AE-63E5ADAFD619}.Release|x64.Build.0 = Release|iPhone
		{97C8F12F-4163-4214-B6AE-63E5ADAFD619}.Release|x64.Deploy.0 = Release|iPhone
		{97C8F12F-4163-4214-B6AE-63E5ADAFD619}.Release|x86.ActiveCfg = Release|iPhone
		{97C8F12F-4163-4214-B6AE-63E5ADAFD619}.Release|x86.Build.0 = Release|iPhone
		{97C8F12F-4163-4214-B6AE-63E5ADAFD619}.Release|x86.Deploy.0 = Release|iPhone
		{633E2995-A6CF-420A-86C4-A05564B2724B}.Ad-Hoc|Any CPU.ActiveCfg = Release|x86
		{633E2995-A6CF-420A-86C4-A05564B2724B}.Ad-Hoc|Any CPU.Build.0 = Release|x86
		{633E2995-A6CF-420A-86C4-A05564B2724B}.Ad-Hoc|Any CPU.Deploy.0 = Release|x86
		{633E2995-A6CF-420A-86C4-A05564B2724B}.Ad-Hoc|ARM.ActiveCfg = Release|ARM
		{633E2995-A6CF-420A-86C4-A05564B2724B}.Ad-Hoc|ARM.Build.0 = Release|ARM
		{633E2995-A6CF-420A-86C4-A05564B2724B}.Ad-Hoc|ARM.Deploy.0 = Release|ARM
		{633E2995-A6CF-420A-86C4-A05564B2724B}.Ad-Hoc|iPhone.ActiveCfg = Release|x86
		{633E2995-A6CF-420A-86C4-A05564B2724B}.Ad-Hoc|iPhone.Build.0 = Release|x86
		{633E2995-A6CF-420A-86C4-A05564B2724B}.Ad-Hoc|iPhone.Deploy.0 = Release|x86
		{633E2995-A6CF-420A-86C4-A05564B2724B}.Ad-Hoc|iPhoneSimulator.ActiveCfg = Release|x86
		{633E2995-A6CF-420A-86C4-A05564B2724B}.Ad-Hoc|iPhoneSimulator.Build.0 = Release|x86
		{633E2995-A6CF-420A-86C4-A05564B2724B}.Ad-Hoc|iPhoneSimulator.Deploy.0 = Release|x86
		{633E2995-A6CF-420A-86C4-A05564B2724B}.Ad-Hoc|x64.ActiveCfg = Release|x64
		{633E2995-A6CF-420A-86C4-A05564B2724B}.Ad-Hoc|x64.Build.0 = Release|x64
		{633E2995-A6CF-420A-86C4-A05564B2724B}.Ad-Hoc|x64.Deploy.0 = Release|x64
		{633E2995-A6CF-420A-86C4-A05564B2724B}.Ad-Hoc|x86.ActiveCfg = Release|x86
		{633E2995-A6CF-420A-86C4-A05564B2724B}.Ad-Hoc|x86.Build.0 = Release|x86
		{633E2995-A6CF-420A-86C4-A05564B2724B}.Ad-Hoc|x86.Deploy.0 = Release|x86
		{633E2995-A6CF-420A-86C4-A05564B2724B}.AppStore|Any CPU.ActiveCfg = Release|x86
		{633E2995-A6CF-420A-86C4-A05564B2724B}.AppStore|Any CPU.Build.0 = Release|x86
		{633E2995-A6CF-420A-86C4-A05564B2724B}.AppStore|Any CPU.Deploy.0 = Release|x86
		{633E2995-A6CF-420A-86C4-A05564B2724B}.AppStore|ARM.ActiveCfg = Release|ARM
		{633E2995-A6CF-420A-86C4-A05564B2724B}.AppStore|ARM.Build.0 = Release|ARM
		{633E2995-A6CF-420A-86C4-A05564B2724B}.AppStore|ARM.Deploy.0 = Release|ARM
		{633E2995-A6CF-420A-86C4-A05564B2724B}.AppStore|iPhone.ActiveCfg = Release|x86
		{633E2995-A6CF-420A-86C4-A05564B2724B}.AppStore|iPhone.Build.0 = Release|x86
		{633E2995-A6CF-420A-86C4-A05564B2724B}.AppStore|iPhone.Deploy.0 = Release|x86
		{633E2995-A6CF-420A-86C4-A05564B2724B}.AppStore|iPhoneSimulator.ActiveCfg = Release|x86
		{633E2995-A6CF-420A-86C4-A05564B2724B}.AppStore|iPhoneSimulator.Build.0 = Release|x86
		{633E2995-A6CF-420A-86C4-A05564B2724B}.AppStore|iPhoneSimulator.Deploy.0 = Release|x86
		{633E2995-A6CF-420A-86C4-A05564B2724B}.AppStore|x64.ActiveCfg = Release|x64
		{633E2995-A6CF-420A-86C4-A05564B2724B}.AppStore|x64.Build.0 = Release|x64
		{633E2995-A6CF-420A-86C4-A05564B2724B}.AppStore|x64.Deploy.0 = Release|x64
		{633E2995-A6CF-420A-86C4-A05564B2724B}.AppStore|x86.ActiveCfg = Release|x86
		{633E2995-A6CF-420A-86C4-A05564B2724B}.AppStore|x86.Build.0 = Release|x86
		{633E2995-A6CF-420A-86C4-A05564B2724B}.AppStore|x86.Deploy.0 = Release|x86
		{633E2995-A6CF-420A-86C4-A05564B2724B}.Debug|Any CPU.ActiveCfg = Debug|x86
		{633E2995-A6CF-420A-86C4-A05564B2724B}.Debug|Any CPU.Build.0 = Debug|x86
		{633E2995-A6CF-420A-86C4-A05564B2724B}.Debug|Any CPU.Deploy.0 = Debug|x86
		{633E2995-A6CF-420A-86C4-A05564B2724B}.Debug|ARM.ActiveCfg = Debug|ARM
		{633E2995-A6CF-420A-86C4-A05564B2724B}.Debug|ARM.Build.0 = Debug|ARM
		{633E2995-A6CF-420A-86C4-A05564B2724B}.Debug|ARM.Deploy.0 = Debug|ARM
		{633E2995-A6CF-420A-86C4-A05564B2724B}.Debug|iPhone.ActiveCfg = Debug|x86
		{633E2995-A6CF-420A-86C4-A05564B2724B}.Debug|iPhone.Build.0 = Debug|x86
		{633E2995-A6CF-420A-86C4-A05564B2724B}.Debug|iPhone.Deploy.0 = Debug|x86
		{633E2995-A6CF-420A-86C4-A05564B2724B}.Debug|iPhoneSimulator.ActiveCfg = Debug|x86
		{633E2995-A6CF-420A-86C4-A05564B2724B}.Debug|iPhoneSimulator.Build.0 = Debug|x86
		{633E2995-A6CF-420A-86C4-A05564B2724B}.Debug|iPhoneSimulator.Deploy.0 = Debug|x86
		{633E2995-A6CF-420A-86C4-A05564B2724B}.Debug|x64.ActiveCfg = Debug|x64
		{633E2995-A6CF-420A-86C4-A05564B2724B}.Debug|x64.Build.0 = Debug|x64
		{633E2995-A6CF-420A-86C4-A05564B2724B}.Debug|x64.Deploy.0 = Debug|x64
		{633E2995-A6CF-420A-86C4-A05564B2724B}.Debug|x86.ActiveCfg = Debug|x86
		{633E2995-A6CF-420A-86C4-A05564B2724B}.Debug|x86.Build.0 = Debug|x86
		{633E2995-A6CF-420A-86C4-A05564B2724B}.Debug|x86.Deploy.0 = Debug|x86
		{633E2995-A6CF-420A-86C4-A05564B2724B}.Release|Any CPU.ActiveCfg = Release|x86
		{633E2995-A6CF-420A-86C4-A05564B2724B}.Release|Any CPU.Build.0 = Release|x86
		{633E2995-A6CF-420A-86C4-A05564B2724B}.Release|Any CPU.Deploy.0 = Release|x86
		{633E2995-A6CF-420A-86C4-A05564B2724B}.Release|ARM.ActiveCfg = Release|ARM
		{633E2995-A6CF-420A-86C4-A05564B2724B}.Release|ARM.Build.0 = Release|ARM
		{633E2995-A6CF-420A-86C4-A05564B2724B}.Release|ARM.Deploy.0 = Release|ARM
		{633E2995-A6CF-420A-86C4-A05564B2724B}.Release|iPhone.ActiveCfg = Release|x86
		{633E2995-A6CF-420A-86C4-A05564B2724B}.Release|iPhone.Build.0 = Release|x86
		{633E2995-A6CF-420A-86C4-A05564B2724B}.Release|iPhone.Deploy.0 = Release|x86
		{633E2995-A6CF-420A-86C4-A05564B2724B}.Release|iPhoneSimulator.ActiveCfg = Release|x86
		{633E2995-A6CF-420A-86C4-A05564B2724B}.Release|iPhoneSimulator.Build.0 = Release|x86
		{633E2995-A6CF-420A-86C4-A05564B2724B}.Release|iPhoneSimulator.Deploy.0 = Release|x86
		{633E2995-A6CF-420A-86C4-A05564B2724B}.Release|x64.ActiveCfg = Release|x64
		{633E2995-A6CF-420A-86C4-A05564B2724B}.Release|x64.Build.0 = Release|x64
		{633E2995-A6CF-420A-86C4-A05564B2724B}.Release|x64.Deploy.0 = Release|x64
		{633E2995-A6CF-420A-86C4-A05564B2724B}.Release|x86.ActiveCfg = Release|x86
		{633E2995-A6CF-420A-86C4-A05564B2724B}.Release|x86.Build.0 = Release|x86
		{633E2995-A6CF-420A-86C4-A05564B2724B}.Release|x86.Deploy.0 = Release|x86
		{3B52DEB0-C631-4D7F-AACD-8A8388EF20C8}.Ad-Hoc|Any CPU.ActiveCfg = Debug|Any CPU
		{3B52DEB0-C631-4D7F-AACD-8A8388EF20C8}.Ad-Hoc|Any CPU.Build.0 = Debug|Any CPU
		{3B52DEB0-C631-4D7F-AACD-8A8388EF20C8}.Ad-Hoc|Any CPU.Deploy.0 = Debug|Any CPU
		{3B52DEB0-C631-4D7F-AACD-8A8388EF20C8}.Ad-Hoc|ARM.ActiveCfg = Debug|Any CPU
		{3B52DEB0-C631-4D7F-AACD-8A8388EF20C8}.Ad-Hoc|ARM.Build.0 = Debug|Any CPU
		{3B52DEB0-C631-4D7F-AACD-8A8388EF20C8}.Ad-Hoc|ARM.Deploy.0 = Debug|Any CPU
		{3B52DEB0-C631-4D7F-AACD-8A8388EF20C8}.Ad-Hoc|iPhone.ActiveCfg = Debug|Any CPU
		{3B52DEB0-C631-4D7F-AACD-8A8388EF20C8}.Ad-Hoc|iPhone.Build.0 = Debug|Any CPU
		{3B52DEB0-C631-4D7F-AACD-8A8388EF20C8}.Ad-Hoc|iPhone.Deploy.0 = Debug|Any CPU
		{3B52DEB0-C631-4D7F-AACD-8A8388EF20C8}.Ad-Hoc|iPhoneSimulator.ActiveCfg = Debug|Any CPU
		{3B52DEB0-C631-4D7F-AACD-8A8388EF20C8}.Ad-Hoc|iPhoneSimulator.Build.0 = Debug|Any CPU
		{3B52DEB0-C631-4D7F-AACD-8A8388EF20C8}.Ad-Hoc|iPhoneSimulator.Deploy.0 = Debug|Any CPU
		{3B52DEB0-C631-4D7F-AACD-8A8388EF20C8}.Ad-Hoc|x64.ActiveCfg = Debug|Any CPU
		{3B52DEB0-C631-4D7F-AACD-8A8388EF20C8}.Ad-Hoc|x64.Build.0 = Debug|Any CPU
		{3B52DEB0-C631-4D7F-AACD-8A8388EF20C8}.Ad-Hoc|x64.Deploy.0 = Debug|Any CPU
		{3B52DEB0-C631-4D7F-AACD-8A8388EF20C8}.Ad-Hoc|x86.ActiveCfg = Debug|Any CPU
		{3B52DEB0-C631-4D7F-AACD-8A8388EF20C8}.Ad-Hoc|x86.Build.0 = Debug|Any CPU
		{3B52DEB0-C631-4D7F-AACD-8A8388EF20C8}.Ad-Hoc|x86.Deploy.0 = Debug|Any CPU
		{3B52DEB0-C631-4D7F-AACD-8A8388EF20C8}.AppStore|Any CPU.ActiveCfg = Debug|Any CPU
		{3B52DEB0-C631-4D7F-AACD-8A8388EF20C8}.AppStore|Any CPU.Build.0 = Debug|Any CPU
		{3B52DEB0-C631-4D7F-AACD-8A8388EF20C8}.AppStore|Any CPU.Deploy.0 = Debug|Any CPU
		{3B52DEB0-C631-4D7F-AACD-8A8388EF20C8}.AppStore|ARM.ActiveCfg = Debug|Any CPU
		{3B52DEB0-C631-4D7F-AACD-8A8388EF20C8}.AppStore|ARM.Build.0 = Debug|Any CPU
		{3B52DEB0-C631-4D7F-AACD-8A8388EF20C8}.AppStore|ARM.Deploy.0 = Debug|Any CPU
		{3B52DEB0-C631-4D7F-AACD-8A8388EF20C8}.AppStore|iPhone.ActiveCfg = Debug|Any CPU
		{3B52DEB0-C631-4D7F-AACD-8A8388EF20C8}.AppStore|iPhone.Build.0 = Debug|Any CPU
		{3B52DEB0-C631-4D7F-AACD-8A8388EF20C8}.AppStore|iPhone.Deploy.0 = Debug|Any CPU
		{3B52DEB0-C631-4D7F-AACD-8A8388EF20C8}.AppStore|iPhoneSimulator.ActiveCfg = Debug|Any CPU
		{3B52DEB0-C631-4D7F-AACD-8A8388EF20C8}.AppStore|iPhoneSimulator.Build.0 = Debug|Any CPU
		{3B52DEB0-C631-4D7F-AACD-8A8388EF20C8}.AppStore|iPhoneSimulator.Deploy.0 = Debug|Any CPU
		{3B52DEB0-C631-4D7F-AACD-8A8388EF20C8}.AppStore|x64.ActiveCfg = Debug|Any CPU
		{3B52DEB0-C631-4D7F-AACD-8A8388EF20C8}.AppStore|x64.Build.0 = Debug|Any CPU
		{3B52DEB0-C631-4D7F-AACD-8A8388EF20C8}.AppStore|x64.Deploy.0 = Debug|Any CPU
		{3B52DEB0-C631-4D7F-AACD-8A8388EF20C8}.AppStore|x86.ActiveCfg = Debug|Any CPU
		{3B52DEB0-C631-4D7F-AACD-8A8388EF20C8}.AppStore|x86.Build.0 = Debug|Any CPU
		{3B52DEB0-C631-4D7F-AACD-8A8388EF20C8}.AppStore|x86.Deploy.0 = Debug|Any CPU
		{3B52DEB0-C631-4D7F-AACD-8A8388EF20C8}.Debug|Any CPU.ActiveCfg = Debug|Any CPU
		{3B52DEB0-C631-4D7F-AACD-8A8388EF20C8}.Debug|Any CPU.Build.0 = Debug|Any CPU
		{3B52DEB0-C631-4D7F-AACD-8A8388EF20C8}.Debug|Any CPU.Deploy.0 = Debug|Any CPU
		{3B52DEB0-C631-4D7F-AACD-8A8388EF20C8}.Debug|ARM.ActiveCfg = Debug|Any CPU
		{3B52DEB0-C631-4D7F-AACD-8A8388EF20C8}.Debug|ARM.Build.0 = Debug|Any CPU
		{3B52DEB0-C631-4D7F-AACD-8A8388EF20C8}.Debug|ARM.Deploy.0 = Debug|Any CPU
		{3B52DEB0-C631-4D7F-AACD-8A8388EF20C8}.Debug|iPhone.ActiveCfg = Debug|Any CPU
		{3B52DEB0-C631-4D7F-AACD-8A8388EF20C8}.Debug|iPhone.Build.0 = Debug|Any CPU
		{3B52DEB0-C631-4D7F-AACD-8A8388EF20C8}.Debug|iPhone.Deploy.0 = Debug|Any CPU
		{3B52DEB0-C631-4D7F-AACD-8A8388EF20C8}.Debug|iPhoneSimulator.ActiveCfg = Debug|Any CPU
		{3B52DEB0-C631-4D7F-AACD-8A8388EF20C8}.Debug|iPhoneSimulator.Build.0 = Debug|Any CPU
		{3B52DEB0-C631-4D7F-AACD-8A8388EF20C8}.Debug|iPhoneSimulator.Deploy.0 = Debug|Any CPU
		{3B52DEB0-C631-4D7F-AACD-8A8388EF20C8}.Debug|x64.ActiveCfg = Debug|Any CPU
		{3B52DEB0-C631-4D7F-AACD-8A8388EF20C8}.Debug|x64.Build.0 = Debug|Any CPU
		{3B52DEB0-C631-4D7F-AACD-8A8388EF20C8}.Debug|x64.Deploy.0 = Debug|Any CPU
		{3B52DEB0-C631-4D7F-AACD-8A8388EF20C8}.Debug|x86.ActiveCfg = Debug|Any CPU
		{3B52DEB0-C631-4D7F-AACD-8A8388EF20C8}.Debug|x86.Build.0 = Debug|Any CPU
		{3B52DEB0-C631-4D7F-AACD-8A8388EF20C8}.Debug|x86.Deploy.0 = Debug|Any CPU
		{3B52DEB0-C631-4D7F-AACD-8A8388EF20C8}.Release|Any CPU.ActiveCfg = Release|Any CPU
		{3B52DEB0-C631-4D7F-AACD-8A8388EF20C8}.Release|Any CPU.Build.0 = Release|Any CPU
		{3B52DEB0-C631-4D7F-AACD-8A8388EF20C8}.Release|Any CPU.Deploy.0 = Release|Any CPU
		{3B52DEB0-C631-4D7F-AACD-8A8388EF20C8}.Release|ARM.ActiveCfg = Release|Any CPU
		{3B52DEB0-C631-4D7F-AACD-8A8388EF20C8}.Release|ARM.Build.0 = Release|Any CPU
		{3B52DEB0-C631-4D7F-AACD-8A8388EF20C8}.Release|ARM.Deploy.0 = Release|Any CPU
		{3B52DEB0-C631-4D7F-AACD-8A8388EF20C8}.Release|iPhone.ActiveCfg = Release|Any CPU
		{3B52DEB0-C631-4D7F-AACD-8A8388EF20C8}.Release|iPhone.Build.0 = Release|Any CPU
		{3B52DEB0-C631-4D7F-AACD-8A8388EF20C8}.Release|iPhone.Deploy.0 = Release|Any CPU
		{3B52DEB0-C631-4D7F-AACD-8A8388EF20C8}.Release|iPhoneSimulator.ActiveCfg = Release|Any CPU
		{3B52DEB0-C631-4D7F-AACD-8A8388EF20C8}.Release|iPhoneSimulator.Build.0 = Release|Any CPU
		{3B52DEB0-C631-4D7F-AACD-8A8388EF20C8}.Release|iPhoneSimulator.Deploy.0 = Release|Any CPU
		{3B52DEB0-C631-4D7F-AACD-8A8388EF20C8}.Release|x64.ActiveCfg = Release|Any CPU
		{3B52DEB0-C631-4D7F-AACD-8A8388EF20C8}.Release|x64.Build.0 = Release|Any CPU
		{3B52DEB0-C631-4D7F-AACD-8A8388EF20C8}.Release|x64.Deploy.0 = Release|Any CPU
		{3B52DEB0-C631-4D7F-AACD-8A8388EF20C8}.Release|x86.ActiveCfg = Release|Any CPU
		{3B52DEB0-C631-4D7F-AACD-8A8388EF20C8}.Release|x86.Build.0 = Release|Any CPU
		{3B52DEB0-C631-4D7F-AACD-8A8388EF20C8}.Release|x86.Deploy.0 = Release|Any CPU
	EndGlobalSection
	GlobalSection(SolutionProperties) = preSolution
		HideSolutionNode = FALSE
	EndGlobalSection
	GlobalSection(ExtensibilityGlobals) = postSolution
		SolutionGuid = {C01C4B5F-2C87-4DD1-A34C-EFC96C3F3B93}
	EndGlobalSection
EndGlobal
